
Microsoft Visual Studio Solution File, Format Version 12.00
# Visual Studio Version 17
VisualStudioVersion = 17.10.35004.147
MinimumVisualStudioVersion = 10.0.40219.1
Project("{9A19103F-16F7-4668-BE54-9A1E7A4F7556}") = "BlazorBridge6", "BlazorBridge6.csproj", "{0CD07117-C591-4800-AA94-34E6BA65432B}"
EndProject
Global
	GlobalSection(SolutionConfigurationPlatforms) = preSolution
		Debug|Any CPU = Debug|Any CPU
		Release|Any CPU = Release|Any CPU
	EndGlobalSection
	GlobalSection(ProjectConfigurationPlatforms) = postSolution
		{0CD07117-C591-4800-AA94-34E6BA65432B}.Debug|Any CPU.ActiveCfg = Debug|Any CPU
		{0CD07117-C591-4800-AA94-34E6BA65432B}.Debug|Any CPU.Build.0 = Debug|Any CPU
		{0CD07117-C591-4800-AA94-34E6BA65432B}.Release|Any CPU.ActiveCfg = Release|Any CPU
		{0CD07117-C591-4800-AA94-34E6BA65432B}.Release|Any CPU.Build.0 = Release|Any CPU
	EndGlobalSection
	GlobalSection(SolutionProperties) = preSolution
		HideSolutionNode = FALSE
	EndGlobalSection
	GlobalSection(ExtensibilityGlobals) = postSolution
		SolutionGuid = {4C5CA4F7-58A6-4814-9788-F9949F1E132B}
	EndGlobalSection
EndGlobal
